// !$*UTF8*$!
{
	archiveVersion = 1;
	classes = {
	};
	objectVersion = 56;
	objects = {

/* Begin PBXBuildFile section */
		8611FA0D29ED62280076B73B /* NetworkError.swift in Sources */ = {isa = PBXBuildFile; fileRef = 8611FA0C29ED62280076B73B /* NetworkError.swift */; };
		8611FA0F29ED62400076B73B /* NetworkService.swift in Sources */ = {isa = PBXBuildFile; fileRef = 8611FA0E29ED62400076B73B /* NetworkService.swift */; };
		8611FA1129ED62B10076B73B /* ImageUrlModel.swift in Sources */ = {isa = PBXBuildFile; fileRef = 8611FA1029ED62B10076B73B /* ImageUrlModel.swift */; };
		8611FA1329ED630B0076B73B /* TranslatedWordsModel.swift in Sources */ = {isa = PBXBuildFile; fileRef = 8611FA1229ED630B0076B73B /* TranslatedWordsModel.swift */; };
		8611FA1829ED638D0076B73B /* NetworkResponse.swift in Sources */ = {isa = PBXBuildFile; fileRef = 8611FA1729ED638D0076B73B /* NetworkResponse.swift */; };
		8611FA1A29ED644B0076B73B /* Config.xcconfig in Resources */ = {isa = PBXBuildFile; fileRef = 8611FA1929ED644B0076B73B /* Config.xcconfig */; };
		8611FA1C29ED94220076B73B /* URLSession.swift in Sources */ = {isa = PBXBuildFile; fileRef = 8611FA1B29ED94220076B73B /* URLSession.swift */; };
		8691656629E9B7F7003816DB /* UrlConfiguration.swift in Sources */ = {isa = PBXBuildFile; fileRef = 8691656529E9B7F7003816DB /* UrlConfiguration.swift */; };
		95437AF629E735C000C1C295 /* ListsView.swift in Sources */ = {isa = PBXBuildFile; fileRef = 95437AF529E735C000C1C295 /* ListsView.swift */; };
		95437AF829E7D5CB00C1C295 /* List.swift in Sources */ = {isa = PBXBuildFile; fileRef = 95437AF729E7D5CB00C1C295 /* List.swift */; };
		95437AFA29E7D88A00C1C295 /* ListWordsCell.swift in Sources */ = {isa = PBXBuildFile; fileRef = 95437AF929E7D88A00C1C295 /* ListWordsCell.swift */; };
		95437AFC29E8647500C1C295 /* CAGradientLayerExtension.swift in Sources */ = {isa = PBXBuildFile; fileRef = 95437AFB29E8647500C1C295 /* CAGradientLayerExtension.swift */; };
		95437AFE29E8669D00C1C295 /* GradientStyle.swift in Sources */ = {isa = PBXBuildFile; fileRef = 95437AFD29E8669D00C1C295 /* GradientStyle.swift */; };
		95437B0029E8735D00C1C295 /* Language.swift in Sources */ = {isa = PBXBuildFile; fileRef = 95437AFF29E8735D00C1C295 /* Language.swift */; };
		9562AAED29E6CC9D00CC7424 /* Presenter.swift in Sources */ = {isa = PBXBuildFile; fileRef = 9562AAEC29E6CC9D00CC7424 /* Presenter.swift */; };
		95689A5529EBD98C00482CBD /* Word.swift in Sources */ = {isa = PBXBuildFile; fileRef = 95689A5429EBD98C00482CBD /* Word.swift */; };
		95689A5729EBDA1400482CBD /* Study.swift in Sources */ = {isa = PBXBuildFile; fileRef = 95689A5629EBDA1400482CBD /* Study.swift */; };
		95689A6B29ED201B00482CBD /* UIFontExtension.swift in Sources */ = {isa = PBXBuildFile; fileRef = 95689A6A29ED201B00482CBD /* UIFontExtension.swift */; };
		95689A7129ED44BF00482CBD /* PopUpListLanguageView.swift in Sources */ = {isa = PBXBuildFile; fileRef = 95689A7029ED44BF00482CBD /* PopUpListLanguageView.swift */; };
		95689A7329ED44D000482CBD /* LanguageCell.swift in Sources */ = {isa = PBXBuildFile; fileRef = 95689A7229ED44D000482CBD /* LanguageCell.swift */; };
		95B7A7E829E6B48900751B89 /* AppDelegate.swift in Sources */ = {isa = PBXBuildFile; fileRef = 95B7A7E729E6B48900751B89 /* AppDelegate.swift */; };
		95B7A7EA29E6B48900751B89 /* SceneDelegate.swift in Sources */ = {isa = PBXBuildFile; fileRef = 95B7A7E929E6B48900751B89 /* SceneDelegate.swift */; };
		95B7A7F229E6B48900751B89 /* FlashSpeak.xcdatamodeld in Sources */ = {isa = PBXBuildFile; fileRef = 95B7A7F029E6B48900751B89 /* FlashSpeak.xcdatamodeld */; };
		95B7A7F429E6B48A00751B89 /* Assets.xcassets in Resources */ = {isa = PBXBuildFile; fileRef = 95B7A7F329E6B48A00751B89 /* Assets.xcassets */; };
		95B7A7F729E6B48A00751B89 /* LaunchScreen.storyboard in Resources */ = {isa = PBXBuildFile; fileRef = 95B7A7F529E6B48A00751B89 /* LaunchScreen.storyboard */; };
		95B7A80229E6B48A00751B89 /* FlashSpeakTests.swift in Sources */ = {isa = PBXBuildFile; fileRef = 95B7A80129E6B48A00751B89 /* FlashSpeakTests.swift */; };
		95B7A80C29E6B48A00751B89 /* FlashSpeakUITests.swift in Sources */ = {isa = PBXBuildFile; fileRef = 95B7A80B29E6B48A00751B89 /* FlashSpeakUITests.swift */; };
		95B7A80E29E6B48A00751B89 /* FlashSpeakUITestsLaunchTests.swift in Sources */ = {isa = PBXBuildFile; fileRef = 95B7A80D29E6B48A00751B89 /* FlashSpeakUITestsLaunchTests.swift */; };
		95B7A81B29E6B4C500751B89 /* UIColorExtension.swift in Sources */ = {isa = PBXBuildFile; fileRef = 95B7A81A29E6B4C500751B89 /* UIColorExtension.swift */; };
		95B7A81D29E6B4C900751B89 /* ListsViewController.swift in Sources */ = {isa = PBXBuildFile; fileRef = 95B7A81C29E6B4C900751B89 /* ListsViewController.swift */; };
		95B7A81F29E6B4CB00751B89 /* LearnViewController.swift in Sources */ = {isa = PBXBuildFile; fileRef = 95B7A81E29E6B4CB00751B89 /* LearnViewController.swift */; };
		95B7A82129E6B4CE00751B89 /* StatisticsViewController.swift in Sources */ = {isa = PBXBuildFile; fileRef = 95B7A82029E6B4CD00751B89 /* StatisticsViewController.swift */; };
		95B7A82329E6B4D300751B89 /* MainTabBarController.swift in Sources */ = {isa = PBXBuildFile; fileRef = 95B7A82229E6B4D300751B89 /* MainTabBarController.swift */; };
		95E9ED1129EA6A88007A85E1 /* WordCartsViewController.swift in Sources */ = {isa = PBXBuildFile; fileRef = 95E9ED1029EA6A88007A85E1 /* WordCartsViewController.swift */; };
		95E9ED1329EA6AAD007A85E1 /* WordCartsView.swift in Sources */ = {isa = PBXBuildFile; fileRef = 95E9ED1229EA6AAD007A85E1 /* WordCartsView.swift */; };
		95E9ED1529EA6B7B007A85E1 /* WordCartViewCell.swift in Sources */ = {isa = PBXBuildFile; fileRef = 95E9ED1429EA6B7B007A85E1 /* WordCartViewCell.swift */; };
		B257FC9D29EC144000B542DB /* CoreDataManager.swift in Sources */ = {isa = PBXBuildFile; fileRef = B257FC9C29EC144000B542DB /* CoreDataManager.swift */; };
		B257FCA429EC174600B542DB /* StudyCD+CoreDataClass.swift in Sources */ = {isa = PBXBuildFile; fileRef = B257FC9E29EC174600B542DB /* StudyCD+CoreDataClass.swift */; };
		B257FCA529EC174600B542DB /* StudyCD+CoreDataProperties.swift in Sources */ = {isa = PBXBuildFile; fileRef = B257FC9F29EC174600B542DB /* StudyCD+CoreDataProperties.swift */; };
		B257FCA629EC174600B542DB /* WordCD+CoreDataClass.swift in Sources */ = {isa = PBXBuildFile; fileRef = B257FCA029EC174600B542DB /* WordCD+CoreDataClass.swift */; };
		B257FCA729EC174600B542DB /* WordCD+CoreDataProperties.swift in Sources */ = {isa = PBXBuildFile; fileRef = B257FCA129EC174600B542DB /* WordCD+CoreDataProperties.swift */; };
		B257FCA829EC174600B542DB /* ListCD+CoreDataClass.swift in Sources */ = {isa = PBXBuildFile; fileRef = B257FCA229EC174600B542DB /* ListCD+CoreDataClass.swift */; };
		B257FCA929EC174600B542DB /* ListCD+CoreDataProperties.swift in Sources */ = {isa = PBXBuildFile; fileRef = B257FCA329EC174600B542DB /* ListCD+CoreDataProperties.swift */; };
		B2921A9729EC0864004962A6 /* UserDefaultHelper.swift in Sources */ = {isa = PBXBuildFile; fileRef = B2921A9629EC0864004962A6 /* UserDefaultHelper.swift */; };
/* End PBXBuildFile section */

/* Begin PBXContainerItemProxy section */
		95B7A7FE29E6B48A00751B89 /* PBXContainerItemProxy */ = {
			isa = PBXContainerItemProxy;
			containerPortal = 95B7A7DC29E6B48900751B89 /* Project object */;
			proxyType = 1;
			remoteGlobalIDString = 95B7A7E329E6B48900751B89;
			remoteInfo = FlashSpeak;
		};
		95B7A80829E6B48A00751B89 /* PBXContainerItemProxy */ = {
			isa = PBXContainerItemProxy;
			containerPortal = 95B7A7DC29E6B48900751B89 /* Project object */;
			proxyType = 1;
			remoteGlobalIDString = 95B7A7E329E6B48900751B89;
			remoteInfo = FlashSpeak;
		};
/* End PBXContainerItemProxy section */

/* Begin PBXFileReference section */
		8611FA0C29ED62280076B73B /* NetworkError.swift */ = {isa = PBXFileReference; lastKnownFileType = sourcecode.swift; path = NetworkError.swift; sourceTree = "<group>"; };
		8611FA0E29ED62400076B73B /* NetworkService.swift */ = {isa = PBXFileReference; lastKnownFileType = sourcecode.swift; path = NetworkService.swift; sourceTree = "<group>"; };
		8611FA1029ED62B10076B73B /* ImageUrlModel.swift */ = {isa = PBXFileReference; lastKnownFileType = sourcecode.swift; path = ImageUrlModel.swift; sourceTree = "<group>"; };
		8611FA1229ED630B0076B73B /* TranslatedWordsModel.swift */ = {isa = PBXFileReference; lastKnownFileType = sourcecode.swift; path = TranslatedWordsModel.swift; sourceTree = "<group>"; };
		8611FA1729ED638D0076B73B /* NetworkResponse.swift */ = {isa = PBXFileReference; lastKnownFileType = sourcecode.swift; path = NetworkResponse.swift; sourceTree = "<group>"; };
		8611FA1929ED644B0076B73B /* Config.xcconfig */ = {isa = PBXFileReference; fileEncoding = 4; lastKnownFileType = text.xcconfig; path = Config.xcconfig; sourceTree = "<group>"; };
		8611FA1B29ED94220076B73B /* URLSession.swift */ = {isa = PBXFileReference; lastKnownFileType = sourcecode.swift; path = URLSession.swift; sourceTree = "<group>"; };
		8691656529E9B7F7003816DB /* UrlConfiguration.swift */ = {isa = PBXFileReference; lastKnownFileType = sourcecode.swift; path = UrlConfiguration.swift; sourceTree = "<group>"; };
		8691656A29E9CE62003816DB /* FlashSpeak.entitlements */ = {isa = PBXFileReference; lastKnownFileType = text.plist.entitlements; path = FlashSpeak.entitlements; sourceTree = "<group>"; };
		95437AF529E735C000C1C295 /* ListsView.swift */ = {isa = PBXFileReference; lastKnownFileType = sourcecode.swift; path = ListsView.swift; sourceTree = "<group>"; };
		95437AF729E7D5CB00C1C295 /* List.swift */ = {isa = PBXFileReference; lastKnownFileType = sourcecode.swift; path = List.swift; sourceTree = "<group>"; };
		95437AF929E7D88A00C1C295 /* ListWordsCell.swift */ = {isa = PBXFileReference; lastKnownFileType = sourcecode.swift; path = ListWordsCell.swift; sourceTree = "<group>"; };
		95437AFB29E8647500C1C295 /* CAGradientLayerExtension.swift */ = {isa = PBXFileReference; lastKnownFileType = sourcecode.swift; path = CAGradientLayerExtension.swift; sourceTree = "<group>"; };
		95437AFD29E8669D00C1C295 /* GradientStyle.swift */ = {isa = PBXFileReference; lastKnownFileType = sourcecode.swift; path = GradientStyle.swift; sourceTree = "<group>"; };
		95437AFF29E8735D00C1C295 /* Language.swift */ = {isa = PBXFileReference; lastKnownFileType = sourcecode.swift; path = Language.swift; sourceTree = "<group>"; };
		9562AAEC29E6CC9D00CC7424 /* Presenter.swift */ = {isa = PBXFileReference; lastKnownFileType = sourcecode.swift; path = Presenter.swift; sourceTree = "<group>"; };
		95689A5429EBD98C00482CBD /* Word.swift */ = {isa = PBXFileReference; lastKnownFileType = sourcecode.swift; path = Word.swift; sourceTree = "<group>"; };
		95689A5629EBDA1400482CBD /* Study.swift */ = {isa = PBXFileReference; lastKnownFileType = sourcecode.swift; path = Study.swift; sourceTree = "<group>"; };
		95689A6A29ED201B00482CBD /* UIFontExtension.swift */ = {isa = PBXFileReference; fileEncoding = 4; lastKnownFileType = sourcecode.swift; path = UIFontExtension.swift; sourceTree = "<group>"; };
		95689A7029ED44BF00482CBD /* PopUpListLanguageView.swift */ = {isa = PBXFileReference; fileEncoding = 4; lastKnownFileType = sourcecode.swift; path = PopUpListLanguageView.swift; sourceTree = "<group>"; };
		95689A7229ED44D000482CBD /* LanguageCell.swift */ = {isa = PBXFileReference; fileEncoding = 4; lastKnownFileType = sourcecode.swift; path = LanguageCell.swift; sourceTree = "<group>"; };
		95B7A7E429E6B48900751B89 /* FlashSpeak.app */ = {isa = PBXFileReference; explicitFileType = wrapper.application; includeInIndex = 0; path = FlashSpeak.app; sourceTree = BUILT_PRODUCTS_DIR; };
		95B7A7E729E6B48900751B89 /* AppDelegate.swift */ = {isa = PBXFileReference; lastKnownFileType = sourcecode.swift; path = AppDelegate.swift; sourceTree = "<group>"; };
		95B7A7E929E6B48900751B89 /* SceneDelegate.swift */ = {isa = PBXFileReference; lastKnownFileType = sourcecode.swift; path = SceneDelegate.swift; sourceTree = "<group>"; };
		95B7A7F129E6B48900751B89 /* FlashSpeak.xcdatamodel */ = {isa = PBXFileReference; lastKnownFileType = wrapper.xcdatamodel; path = FlashSpeak.xcdatamodel; sourceTree = "<group>"; };
		95B7A7F329E6B48A00751B89 /* Assets.xcassets */ = {isa = PBXFileReference; lastKnownFileType = folder.assetcatalog; path = Assets.xcassets; sourceTree = "<group>"; };
		95B7A7F629E6B48A00751B89 /* Base */ = {isa = PBXFileReference; lastKnownFileType = file.storyboard; name = Base; path = Base.lproj/LaunchScreen.storyboard; sourceTree = "<group>"; };
		95B7A7F829E6B48A00751B89 /* Info.plist */ = {isa = PBXFileReference; lastKnownFileType = text.plist.xml; path = Info.plist; sourceTree = "<group>"; };
		95B7A7FD29E6B48A00751B89 /* FlashSpeakTests.xctest */ = {isa = PBXFileReference; explicitFileType = wrapper.cfbundle; includeInIndex = 0; path = FlashSpeakTests.xctest; sourceTree = BUILT_PRODUCTS_DIR; };
		95B7A80129E6B48A00751B89 /* FlashSpeakTests.swift */ = {isa = PBXFileReference; lastKnownFileType = sourcecode.swift; path = FlashSpeakTests.swift; sourceTree = "<group>"; };
		95B7A80729E6B48A00751B89 /* FlashSpeakUITests.xctest */ = {isa = PBXFileReference; explicitFileType = wrapper.cfbundle; includeInIndex = 0; path = FlashSpeakUITests.xctest; sourceTree = BUILT_PRODUCTS_DIR; };
		95B7A80B29E6B48A00751B89 /* FlashSpeakUITests.swift */ = {isa = PBXFileReference; lastKnownFileType = sourcecode.swift; path = FlashSpeakUITests.swift; sourceTree = "<group>"; };
		95B7A80D29E6B48A00751B89 /* FlashSpeakUITestsLaunchTests.swift */ = {isa = PBXFileReference; lastKnownFileType = sourcecode.swift; path = FlashSpeakUITestsLaunchTests.swift; sourceTree = "<group>"; };
		95B7A81A29E6B4C500751B89 /* UIColorExtension.swift */ = {isa = PBXFileReference; fileEncoding = 4; lastKnownFileType = sourcecode.swift; path = UIColorExtension.swift; sourceTree = "<group>"; };
		95B7A81C29E6B4C900751B89 /* ListsViewController.swift */ = {isa = PBXFileReference; fileEncoding = 4; lastKnownFileType = sourcecode.swift; path = ListsViewController.swift; sourceTree = "<group>"; };
		95B7A81E29E6B4CB00751B89 /* LearnViewController.swift */ = {isa = PBXFileReference; fileEncoding = 4; lastKnownFileType = sourcecode.swift; path = LearnViewController.swift; sourceTree = "<group>"; };
		95B7A82029E6B4CD00751B89 /* StatisticsViewController.swift */ = {isa = PBXFileReference; fileEncoding = 4; lastKnownFileType = sourcecode.swift; path = StatisticsViewController.swift; sourceTree = "<group>"; };
		95B7A82229E6B4D300751B89 /* MainTabBarController.swift */ = {isa = PBXFileReference; fileEncoding = 4; lastKnownFileType = sourcecode.swift; path = MainTabBarController.swift; sourceTree = "<group>"; };
		95E9ED1029EA6A88007A85E1 /* WordCartsViewController.swift */ = {isa = PBXFileReference; lastKnownFileType = sourcecode.swift; path = WordCartsViewController.swift; sourceTree = "<group>"; };
		95E9ED1229EA6AAD007A85E1 /* WordCartsView.swift */ = {isa = PBXFileReference; lastKnownFileType = sourcecode.swift; path = WordCartsView.swift; sourceTree = "<group>"; };
		95E9ED1429EA6B7B007A85E1 /* WordCartViewCell.swift */ = {isa = PBXFileReference; lastKnownFileType = sourcecode.swift; path = WordCartViewCell.swift; sourceTree = "<group>"; };
		B257FC9C29EC144000B542DB /* CoreDataManager.swift */ = {isa = PBXFileReference; lastKnownFileType = sourcecode.swift; path = CoreDataManager.swift; sourceTree = "<group>"; };
		B257FC9E29EC174600B542DB /* StudyCD+CoreDataClass.swift */ = {isa = PBXFileReference; lastKnownFileType = sourcecode.swift; name = "StudyCD+CoreDataClass.swift"; path = "FlashSpeak/MVP/Model/CoreDataModel/Study/StudyCD+CoreDataClass.swift"; sourceTree = SOURCE_ROOT; };
		B257FC9F29EC174600B542DB /* StudyCD+CoreDataProperties.swift */ = {isa = PBXFileReference; lastKnownFileType = sourcecode.swift; name = "StudyCD+CoreDataProperties.swift"; path = "FlashSpeak/MVP/Model/CoreDataModel/Study/StudyCD+CoreDataProperties.swift"; sourceTree = SOURCE_ROOT; };
		B257FCA029EC174600B542DB /* WordCD+CoreDataClass.swift */ = {isa = PBXFileReference; lastKnownFileType = sourcecode.swift; name = "WordCD+CoreDataClass.swift"; path = "FlashSpeak/MVP/Model/CoreDataModel/Word/WordCD+CoreDataClass.swift"; sourceTree = SOURCE_ROOT; };
		B257FCA129EC174600B542DB /* WordCD+CoreDataProperties.swift */ = {isa = PBXFileReference; lastKnownFileType = sourcecode.swift; name = "WordCD+CoreDataProperties.swift"; path = "FlashSpeak/MVP/Model/CoreDataModel/Word/WordCD+CoreDataProperties.swift"; sourceTree = SOURCE_ROOT; };
		B257FCA229EC174600B542DB /* ListCD+CoreDataClass.swift */ = {isa = PBXFileReference; lastKnownFileType = sourcecode.swift; name = "ListCD+CoreDataClass.swift"; path = "FlashSpeak/MVP/Model/CoreDataModel/List/ListCD+CoreDataClass.swift"; sourceTree = SOURCE_ROOT; };
		B257FCA329EC174600B542DB /* ListCD+CoreDataProperties.swift */ = {isa = PBXFileReference; lastKnownFileType = sourcecode.swift; name = "ListCD+CoreDataProperties.swift"; path = "FlashSpeak/MVP/Model/CoreDataModel/List/ListCD+CoreDataProperties.swift"; sourceTree = SOURCE_ROOT; };
		B2921A9629EC0864004962A6 /* UserDefaultHelper.swift */ = {isa = PBXFileReference; lastKnownFileType = sourcecode.swift; path = UserDefaultHelper.swift; sourceTree = "<group>"; };
/* End PBXFileReference section */

/* Begin PBXFrameworksBuildPhase section */
		95B7A7E129E6B48900751B89 /* Frameworks */ = {
			isa = PBXFrameworksBuildPhase;
			buildActionMask = 2147483647;
			files = (
			);
			runOnlyForDeploymentPostprocessing = 0;
		};
		95B7A7FA29E6B48A00751B89 /* Frameworks */ = {
			isa = PBXFrameworksBuildPhase;
			buildActionMask = 2147483647;
			files = (
			);
			runOnlyForDeploymentPostprocessing = 0;
		};
		95B7A80429E6B48A00751B89 /* Frameworks */ = {
			isa = PBXFrameworksBuildPhase;
			buildActionMask = 2147483647;
			files = (
			);
			runOnlyForDeploymentPostprocessing = 0;
		};
/* End PBXFrameworksBuildPhase section */

/* Begin PBXGroup section */
		8611FA0929ED61E40076B73B /* Service */ = {
			isa = PBXGroup;
			children = (
				8611FA0E29ED62400076B73B /* NetworkService.swift */,
			);
			path = Service;
			sourceTree = "<group>";
		};
		8611FA0A29ED61F30076B73B /* Errors */ = {
			isa = PBXGroup;
			children = (
				8611FA0C29ED62280076B73B /* NetworkError.swift */,
			);
			path = Errors;
			sourceTree = "<group>";
		};
		8611FA0B29ED62110076B73B /* Wrappers */ = {
			isa = PBXGroup;
			children = (
				8611FA1729ED638D0076B73B /* NetworkResponse.swift */,
			);
			path = Wrappers;
			sourceTree = "<group>";
		};
		8691656429E9B7E2003816DB /* Helpers */ = {
			isa = PBXGroup;
			children = (
				8691656529E9B7F7003816DB /* UrlConfiguration.swift */,
			);
			path = Helpers;
			sourceTree = "<group>";
		};
		95437AF429E7359000C1C295 /* Controller */ = {
			isa = PBXGroup;
			children = (
				95B7A82229E6B4D300751B89 /* MainTabBarController.swift */,
				95B7A81C29E6B4C900751B89 /* ListsViewController.swift */,
				95B7A81E29E6B4CB00751B89 /* LearnViewController.swift */,
				95B7A82029E6B4CD00751B89 /* StatisticsViewController.swift */,
				95E9ED1029EA6A88007A85E1 /* WordCartsViewController.swift */,
			);
			path = Controller;
			sourceTree = "<group>";
		};
		95B7A7DB29E6B48900751B89 = {
			isa = PBXGroup;
			children = (
				95B7A7E629E6B48900751B89 /* FlashSpeak */,
				95B7A80029E6B48A00751B89 /* FlashSpeakTests */,
				95B7A80A29E6B48A00751B89 /* FlashSpeakUITests */,
				95B7A7E529E6B48900751B89 /* Products */,
			);
			sourceTree = "<group>";
		};
		95B7A7E529E6B48900751B89 /* Products */ = {
			isa = PBXGroup;
			children = (
				95B7A7E429E6B48900751B89 /* FlashSpeak.app */,
				95B7A7FD29E6B48A00751B89 /* FlashSpeakTests.xctest */,
				95B7A80729E6B48A00751B89 /* FlashSpeakUITests.xctest */,
			);
			name = Products;
			sourceTree = "<group>";
		};
		95B7A7E629E6B48900751B89 /* FlashSpeak */ = {
			isa = PBXGroup;
			children = (
				8691656A29E9CE62003816DB /* FlashSpeak.entitlements */,
				B2921A8F29EBEEC4004962A6 /* AppDelegate */,
				95B7A82429E6C22500751B89 /* MVP */,
				B2921A9229EBEF79004962A6 /* Core */,
				8691656429E9B7E2003816DB /* Helpers */,
				8611FA0929ED61E40076B73B /* Service */,
				8611FA0B29ED62110076B73B /* Wrappers */,
				8611FA0A29ED61F30076B73B /* Errors */,
				B2921A9029EBEF14004962A6 /* Resources */,
			);
			path = FlashSpeak;
			sourceTree = "<group>";
		};
		95B7A80029E6B48A00751B89 /* FlashSpeakTests */ = {
			isa = PBXGroup;
			children = (
				95B7A80129E6B48A00751B89 /* FlashSpeakTests.swift */,
			);
			path = FlashSpeakTests;
			sourceTree = "<group>";
		};
		95B7A80A29E6B48A00751B89 /* FlashSpeakUITests */ = {
			isa = PBXGroup;
			children = (
				95B7A80B29E6B48A00751B89 /* FlashSpeakUITests.swift */,
				95B7A80D29E6B48A00751B89 /* FlashSpeakUITestsLaunchTests.swift */,
			);
			path = FlashSpeakUITests;
			sourceTree = "<group>";
		};
		95B7A82429E6C22500751B89 /* MVP */ = {
			isa = PBXGroup;
			children = (
				95B7A82729E6C24000751B89 /* Model */,
				95B7A82529E6C22E00751B89 /* Views */,
				95B7A82629E6C23300751B89 /* Presenter */,
				95437AF429E7359000C1C295 /* Controller */,
			);
			path = MVP;
			sourceTree = "<group>";
		};
		95B7A82529E6C22E00751B89 /* Views */ = {
			isa = PBXGroup;
			children = (
				95437AF529E735C000C1C295 /* ListsView.swift */,
				95437AF929E7D88A00C1C295 /* ListWordsCell.swift */,
				95E9ED1229EA6AAD007A85E1 /* WordCartsView.swift */,
				95E9ED1429EA6B7B007A85E1 /* WordCartViewCell.swift */,
				95689A7029ED44BF00482CBD /* PopUpListLanguageView.swift */,
				95689A7229ED44D000482CBD /* LanguageCell.swift */,
			);
			path = Views;
			sourceTree = "<group>";
		};
		95B7A82629E6C23300751B89 /* Presenter */ = {
			isa = PBXGroup;
			children = (
				9562AAEC29E6CC9D00CC7424 /* Presenter.swift */,
			);
			path = Presenter;
			sourceTree = "<group>";
		};
		95B7A82729E6C24000751B89 /* Model */ = {
			isa = PBXGroup;
			children = (
				B2C57E6129EC115D00C7EECC /* Models */,
				B2921A9429EBF052004962A6 /* CoreDataModel */,
			);
			path = Model;
			sourceTree = "<group>";
		};
		95B7A82829E6C2F400751B89 /* Extensions */ = {
			isa = PBXGroup;
			children = (
				95B7A81A29E6B4C500751B89 /* UIColorExtension.swift */,
				95689A6A29ED201B00482CBD /* UIFontExtension.swift */,
				95437AFB29E8647500C1C295 /* CAGradientLayerExtension.swift */,
				8611FA1B29ED94220076B73B /* URLSession.swift */,
			);
			path = Extensions;
			sourceTree = "<group>";
		};
		B257FCAA29EC174B00B542DB /* Word */ = {
			isa = PBXGroup;
			children = (
				B257FCA029EC174600B542DB /* WordCD+CoreDataClass.swift */,
				B257FCA129EC174600B542DB /* WordCD+CoreDataProperties.swift */,
			);
			path = Word;
			sourceTree = "<group>";
		};
		B257FCAB29EC175200B542DB /* List */ = {
			isa = PBXGroup;
			children = (
				B257FCA229EC174600B542DB /* ListCD+CoreDataClass.swift */,
				B257FCA329EC174600B542DB /* ListCD+CoreDataProperties.swift */,
			);
			path = List;
			sourceTree = "<group>";
		};
		B257FCAC29EC175B00B542DB /* Study */ = {
			isa = PBXGroup;
			children = (
				B257FC9E29EC174600B542DB /* StudyCD+CoreDataClass.swift */,
				B257FC9F29EC174600B542DB /* StudyCD+CoreDataProperties.swift */,
			);
			path = Study;
			sourceTree = "<group>";
		};
		B2921A8F29EBEEC4004962A6 /* AppDelegate */ = {
			isa = PBXGroup;
			children = (
				95B7A7F529E6B48A00751B89 /* LaunchScreen.storyboard */,
				95B7A7E729E6B48900751B89 /* AppDelegate.swift */,
				95B7A7E929E6B48900751B89 /* SceneDelegate.swift */,
			);
			path = AppDelegate;
			sourceTree = "<group>";
		};
		B2921A9029EBEF14004962A6 /* Resources */ = {
			isa = PBXGroup;
			children = (
				95B7A7F829E6B48A00751B89 /* Info.plist */,
				8611FA1929ED644B0076B73B /* Config.xcconfig */,
				95B7A7F329E6B48A00751B89 /* Assets.xcassets */,
			);
			path = Resources;
			sourceTree = "<group>";
		};
		B2921A9129EBEF45004962A6 /* CoreData */ = {
			isa = PBXGroup;
			children = (
				95B7A7F029E6B48900751B89 /* FlashSpeak.xcdatamodeld */,
				B257FC9C29EC144000B542DB /* CoreDataManager.swift */,
			);
			path = CoreData;
			sourceTree = "<group>";
		};
		B2921A9229EBEF79004962A6 /* Core */ = {
			isa = PBXGroup;
			children = (
				B2921A9529EC0852004962A6 /* UserDefaults */,
				95B7A82829E6C2F400751B89 /* Extensions */,
				B2921A9129EBEF45004962A6 /* CoreData */,
			);
			path = Core;
			sourceTree = "<group>";
		};
		B2921A9429EBF052004962A6 /* CoreDataModel */ = {
			isa = PBXGroup;
			children = (
				B257FCAC29EC175B00B542DB /* Study */,
				B257FCAB29EC175200B542DB /* List */,
				B257FCAA29EC174B00B542DB /* Word */,
			);
			path = CoreDataModel;
			sourceTree = "<group>";
		};
		B2921A9529EC0852004962A6 /* UserDefaults */ = {
			isa = PBXGroup;
			children = (
				B2921A9629EC0864004962A6 /* UserDefaultHelper.swift */,
			);
			path = UserDefaults;
			sourceTree = "<group>";
		};
		B2C57E6129EC115D00C7EECC /* Models */ = {
			isa = PBXGroup;
			children = (
				95437AF729E7D5CB00C1C295 /* List.swift */,
				95689A5629EBDA1400482CBD /* Study.swift */,
				95437AFF29E8735D00C1C295 /* Language.swift */,
				95689A5429EBD98C00482CBD /* Word.swift */,
				95437AFD29E8669D00C1C295 /* GradientStyle.swift */,
				8611FA1029ED62B10076B73B /* ImageUrlModel.swift */,
				8611FA1229ED630B0076B73B /* TranslatedWordsModel.swift */,
			);
			path = Models;
			sourceTree = "<group>";
		};
/* End PBXGroup section */

/* Begin PBXNativeTarget section */
		95B7A7E329E6B48900751B89 /* FlashSpeak */ = {
			isa = PBXNativeTarget;
			buildConfigurationList = 95B7A81129E6B48A00751B89 /* Build configuration list for PBXNativeTarget "FlashSpeak" */;
			buildPhases = (
				95B7A7E029E6B48900751B89 /* Sources */,
				95B7A7E129E6B48900751B89 /* Frameworks */,
				95B7A7E229E6B48900751B89 /* Resources */,
			);
			buildRules = (
			);
			dependencies = (
			);
			name = FlashSpeak;
			productName = FlashSpeak;
			productReference = 95B7A7E429E6B48900751B89 /* FlashSpeak.app */;
			productType = "com.apple.product-type.application";
		};
		95B7A7FC29E6B48A00751B89 /* FlashSpeakTests */ = {
			isa = PBXNativeTarget;
			buildConfigurationList = 95B7A81429E6B48A00751B89 /* Build configuration list for PBXNativeTarget "FlashSpeakTests" */;
			buildPhases = (
				95B7A7F929E6B48A00751B89 /* Sources */,
				95B7A7FA29E6B48A00751B89 /* Frameworks */,
				95B7A7FB29E6B48A00751B89 /* Resources */,
			);
			buildRules = (
			);
			dependencies = (
				95B7A7FF29E6B48A00751B89 /* PBXTargetDependency */,
			);
			name = FlashSpeakTests;
			productName = FlashSpeakTests;
			productReference = 95B7A7FD29E6B48A00751B89 /* FlashSpeakTests.xctest */;
			productType = "com.apple.product-type.bundle.unit-test";
		};
		95B7A80629E6B48A00751B89 /* FlashSpeakUITests */ = {
			isa = PBXNativeTarget;
			buildConfigurationList = 95B7A81729E6B48A00751B89 /* Build configuration list for PBXNativeTarget "FlashSpeakUITests" */;
			buildPhases = (
				95B7A80329E6B48A00751B89 /* Sources */,
				95B7A80429E6B48A00751B89 /* Frameworks */,
				95B7A80529E6B48A00751B89 /* Resources */,
			);
			buildRules = (
			);
			dependencies = (
				95B7A80929E6B48A00751B89 /* PBXTargetDependency */,
			);
			name = FlashSpeakUITests;
			productName = FlashSpeakUITests;
			productReference = 95B7A80729E6B48A00751B89 /* FlashSpeakUITests.xctest */;
			productType = "com.apple.product-type.bundle.ui-testing";
		};
/* End PBXNativeTarget section */

/* Begin PBXProject section */
		95B7A7DC29E6B48900751B89 /* Project object */ = {
			isa = PBXProject;
			attributes = {
				BuildIndependentTargetsInParallel = 1;
				LastSwiftUpdateCheck = 1430;
				LastUpgradeCheck = 1430;
				TargetAttributes = {
					95B7A7E329E6B48900751B89 = {
						CreatedOnToolsVersion = 14.3;
					};
					95B7A7FC29E6B48A00751B89 = {
						CreatedOnToolsVersion = 14.3;
						TestTargetID = 95B7A7E329E6B48900751B89;
					};
					95B7A80629E6B48A00751B89 = {
						CreatedOnToolsVersion = 14.3;
						TestTargetID = 95B7A7E329E6B48900751B89;
					};
				};
			};
			buildConfigurationList = 95B7A7DF29E6B48900751B89 /* Build configuration list for PBXProject "FlashSpeak" */;
			compatibilityVersion = "Xcode 14.0";
			developmentRegion = en;
			hasScannedForEncodings = 0;
			knownRegions = (
				en,
				Base,
			);
			mainGroup = 95B7A7DB29E6B48900751B89;
			productRefGroup = 95B7A7E529E6B48900751B89 /* Products */;
			projectDirPath = "";
			projectRoot = "";
			targets = (
				95B7A7E329E6B48900751B89 /* FlashSpeak */,
				95B7A7FC29E6B48A00751B89 /* FlashSpeakTests */,
				95B7A80629E6B48A00751B89 /* FlashSpeakUITests */,
			);
		};
/* End PBXProject section */

/* Begin PBXResourcesBuildPhase section */
		95B7A7E229E6B48900751B89 /* Resources */ = {
			isa = PBXResourcesBuildPhase;
			buildActionMask = 2147483647;
			files = (
				95B7A7F729E6B48A00751B89 /* LaunchScreen.storyboard in Resources */,
				8611FA1A29ED644B0076B73B /* Config.xcconfig in Resources */,
				95B7A7F429E6B48A00751B89 /* Assets.xcassets in Resources */,
			);
			runOnlyForDeploymentPostprocessing = 0;
		};
		95B7A7FB29E6B48A00751B89 /* Resources */ = {
			isa = PBXResourcesBuildPhase;
			buildActionMask = 2147483647;
			files = (
			);
			runOnlyForDeploymentPostprocessing = 0;
		};
		95B7A80529E6B48A00751B89 /* Resources */ = {
			isa = PBXResourcesBuildPhase;
			buildActionMask = 2147483647;
			files = (
			);
			runOnlyForDeploymentPostprocessing = 0;
		};
/* End PBXResourcesBuildPhase section */

/* Begin PBXSourcesBuildPhase section */
		95B7A7E029E6B48900751B89 /* Sources */ = {
			isa = PBXSourcesBuildPhase;
			buildActionMask = 2147483647;
			files = (
				95E9ED1529EA6B7B007A85E1 /* WordCartViewCell.swift in Sources */,
				95689A7129ED44BF00482CBD /* PopUpListLanguageView.swift in Sources */,
				8611FA1129ED62B10076B73B /* ImageUrlModel.swift in Sources */,
				95E9ED1129EA6A88007A85E1 /* WordCartsViewController.swift in Sources */,
				95437AF829E7D5CB00C1C295 /* List.swift in Sources */,
				95689A5729EBDA1400482CBD /* Study.swift in Sources */,
				95437AFC29E8647500C1C295 /* CAGradientLayerExtension.swift in Sources */,
				95437B0029E8735D00C1C295 /* Language.swift in Sources */,
				8611FA1C29ED94220076B73B /* URLSession.swift in Sources */,
				95437AFA29E7D88A00C1C295 /* ListWordsCell.swift in Sources */,
				95B7A81F29E6B4CB00751B89 /* LearnViewController.swift in Sources */,
				8611FA0D29ED62280076B73B /* NetworkError.swift in Sources */,
				B257FCA829EC174600B542DB /* ListCD+CoreDataClass.swift in Sources */,
				B2921A9729EC0864004962A6 /* UserDefaultHelper.swift in Sources */,
				95B7A82329E6B4D300751B89 /* MainTabBarController.swift in Sources */,
				8611FA1829ED638D0076B73B /* NetworkResponse.swift in Sources */,
				B257FCA429EC174600B542DB /* StudyCD+CoreDataClass.swift in Sources */,
				95E9ED1329EA6AAD007A85E1 /* WordCartsView.swift in Sources */,
				95B7A7F229E6B48900751B89 /* FlashSpeak.xcdatamodeld in Sources */,
				95B7A82129E6B4CE00751B89 /* StatisticsViewController.swift in Sources */,
				95437AF629E735C000C1C295 /* ListsView.swift in Sources */,
				95689A7329ED44D000482CBD /* LanguageCell.swift in Sources */,
				95689A6B29ED201B00482CBD /* UIFontExtension.swift in Sources */,
				95B7A81D29E6B4C900751B89 /* ListsViewController.swift in Sources */,
				95B7A81B29E6B4C500751B89 /* UIColorExtension.swift in Sources */,
				8611FA0F29ED62400076B73B /* NetworkService.swift in Sources */,
				B257FCA529EC174600B542DB /* StudyCD+CoreDataProperties.swift in Sources */,
				B257FCA929EC174600B542DB /* ListCD+CoreDataProperties.swift in Sources */,
				95437AFE29E8669D00C1C295 /* GradientStyle.swift in Sources */,
				8691656629E9B7F7003816DB /* UrlConfiguration.swift in Sources */,
				B257FCA729EC174600B542DB /* WordCD+CoreDataProperties.swift in Sources */,
				95B7A7E829E6B48900751B89 /* AppDelegate.swift in Sources */,
				B257FC9D29EC144000B542DB /* CoreDataManager.swift in Sources */,
				8611FA1329ED630B0076B73B /* TranslatedWordsModel.swift in Sources */,
				95689A5529EBD98C00482CBD /* Word.swift in Sources */,
				9562AAED29E6CC9D00CC7424 /* Presenter.swift in Sources */,
				B257FCA629EC174600B542DB /* WordCD+CoreDataClass.swift in Sources */,
				95B7A7EA29E6B48900751B89 /* SceneDelegate.swift in Sources */,
			);
			runOnlyForDeploymentPostprocessing = 0;
		};
		95B7A7F929E6B48A00751B89 /* Sources */ = {
			isa = PBXSourcesBuildPhase;
			buildActionMask = 2147483647;
			files = (
				95B7A80229E6B48A00751B89 /* FlashSpeakTests.swift in Sources */,
			);
			runOnlyForDeploymentPostprocessing = 0;
		};
		95B7A80329E6B48A00751B89 /* Sources */ = {
			isa = PBXSourcesBuildPhase;
			buildActionMask = 2147483647;
			files = (
				95B7A80E29E6B48A00751B89 /* FlashSpeakUITestsLaunchTests.swift in Sources */,
				95B7A80C29E6B48A00751B89 /* FlashSpeakUITests.swift in Sources */,
			);
			runOnlyForDeploymentPostprocessing = 0;
		};
/* End PBXSourcesBuildPhase section */

/* Begin PBXTargetDependency section */
		95B7A7FF29E6B48A00751B89 /* PBXTargetDependency */ = {
			isa = PBXTargetDependency;
			target = 95B7A7E329E6B48900751B89 /* FlashSpeak */;
			targetProxy = 95B7A7FE29E6B48A00751B89 /* PBXContainerItemProxy */;
		};
		95B7A80929E6B48A00751B89 /* PBXTargetDependency */ = {
			isa = PBXTargetDependency;
			target = 95B7A7E329E6B48900751B89 /* FlashSpeak */;
			targetProxy = 95B7A80829E6B48A00751B89 /* PBXContainerItemProxy */;
		};
/* End PBXTargetDependency section */

/* Begin PBXVariantGroup section */
		95B7A7F529E6B48A00751B89 /* LaunchScreen.storyboard */ = {
			isa = PBXVariantGroup;
			children = (
				95B7A7F629E6B48A00751B89 /* Base */,
			);
			name = LaunchScreen.storyboard;
			sourceTree = "<group>";
		};
/* End PBXVariantGroup section */

/* Begin XCBuildConfiguration section */
		95B7A80F29E6B48A00751B89 /* Debug */ = {
			isa = XCBuildConfiguration;
			buildSettings = {
				ALWAYS_SEARCH_USER_PATHS = NO;
				CLANG_ANALYZER_NONNULL = YES;
				CLANG_ANALYZER_NUMBER_OBJECT_CONVERSION = YES_AGGRESSIVE;
				CLANG_CXX_LANGUAGE_STANDARD = "gnu++20";
				CLANG_ENABLE_MODULES = YES;
				CLANG_ENABLE_OBJC_ARC = YES;
				CLANG_ENABLE_OBJC_WEAK = YES;
				CLANG_WARN_BLOCK_CAPTURE_AUTORELEASING = YES;
				CLANG_WARN_BOOL_CONVERSION = YES;
				CLANG_WARN_COMMA = YES;
				CLANG_WARN_CONSTANT_CONVERSION = YES;
				CLANG_WARN_DEPRECATED_OBJC_IMPLEMENTATIONS = YES;
				CLANG_WARN_DIRECT_OBJC_ISA_USAGE = YES_ERROR;
				CLANG_WARN_DOCUMENTATION_COMMENTS = YES;
				CLANG_WARN_EMPTY_BODY = YES;
				CLANG_WARN_ENUM_CONVERSION = YES;
				CLANG_WARN_INFINITE_RECURSION = YES;
				CLANG_WARN_INT_CONVERSION = YES;
				CLANG_WARN_NON_LITERAL_NULL_CONVERSION = YES;
				CLANG_WARN_OBJC_IMPLICIT_RETAIN_SELF = YES;
				CLANG_WARN_OBJC_LITERAL_CONVERSION = YES;
				CLANG_WARN_OBJC_ROOT_CLASS = YES_ERROR;
				CLANG_WARN_QUOTED_INCLUDE_IN_FRAMEWORK_HEADER = YES;
				CLANG_WARN_RANGE_LOOP_ANALYSIS = YES;
				CLANG_WARN_STRICT_PROTOTYPES = YES;
				CLANG_WARN_SUSPICIOUS_MOVE = YES;
				CLANG_WARN_UNGUARDED_AVAILABILITY = YES_AGGRESSIVE;
				CLANG_WARN_UNREACHABLE_CODE = YES;
				CLANG_WARN__DUPLICATE_METHOD_MATCH = YES;
				COPY_PHASE_STRIP = NO;
				DEBUG_INFORMATION_FORMAT = dwarf;
				ENABLE_STRICT_OBJC_MSGSEND = YES;
				ENABLE_TESTABILITY = YES;
				GCC_C_LANGUAGE_STANDARD = gnu11;
				GCC_DYNAMIC_NO_PIC = NO;
				GCC_NO_COMMON_BLOCKS = YES;
				GCC_OPTIMIZATION_LEVEL = 0;
				GCC_PREPROCESSOR_DEFINITIONS = (
					"DEBUG=1",
					"$(inherited)",
				);
				GCC_WARN_64_TO_32_BIT_CONVERSION = YES;
				GCC_WARN_ABOUT_RETURN_TYPE = YES_ERROR;
				GCC_WARN_UNDECLARED_SELECTOR = YES;
				GCC_WARN_UNINITIALIZED_AUTOS = YES_AGGRESSIVE;
				GCC_WARN_UNUSED_FUNCTION = YES;
				GCC_WARN_UNUSED_VARIABLE = YES;
				IPHONEOS_DEPLOYMENT_TARGET = 16.0;
				MTL_ENABLE_DEBUG_INFO = INCLUDE_SOURCE;
				MTL_FAST_MATH = YES;
				ONLY_ACTIVE_ARCH = YES;
				SDKROOT = iphoneos;
				SWIFT_ACTIVE_COMPILATION_CONDITIONS = DEBUG;
				SWIFT_OPTIMIZATION_LEVEL = "-Onone";
			};
			name = Debug;
		};
		95B7A81029E6B48A00751B89 /* Release */ = {
			isa = XCBuildConfiguration;
			buildSettings = {
				ALWAYS_SEARCH_USER_PATHS = NO;
				CLANG_ANALYZER_NONNULL = YES;
				CLANG_ANALYZER_NUMBER_OBJECT_CONVERSION = YES_AGGRESSIVE;
				CLANG_CXX_LANGUAGE_STANDARD = "gnu++20";
				CLANG_ENABLE_MODULES = YES;
				CLANG_ENABLE_OBJC_ARC = YES;
				CLANG_ENABLE_OBJC_WEAK = YES;
				CLANG_WARN_BLOCK_CAPTURE_AUTORELEASING = YES;
				CLANG_WARN_BOOL_CONVERSION = YES;
				CLANG_WARN_COMMA = YES;
				CLANG_WARN_CONSTANT_CONVERSION = YES;
				CLANG_WARN_DEPRECATED_OBJC_IMPLEMENTATIONS = YES;
				CLANG_WARN_DIRECT_OBJC_ISA_USAGE = YES_ERROR;
				CLANG_WARN_DOCUMENTATION_COMMENTS = YES;
				CLANG_WARN_EMPTY_BODY = YES;
				CLANG_WARN_ENUM_CONVERSION = YES;
				CLANG_WARN_INFINITE_RECURSION = YES;
				CLANG_WARN_INT_CONVERSION = YES;
				CLANG_WARN_NON_LITERAL_NULL_CONVERSION = YES;
				CLANG_WARN_OBJC_IMPLICIT_RETAIN_SELF = YES;
				CLANG_WARN_OBJC_LITERAL_CONVERSION = YES;
				CLANG_WARN_OBJC_ROOT_CLASS = YES_ERROR;
				CLANG_WARN_QUOTED_INCLUDE_IN_FRAMEWORK_HEADER = YES;
				CLANG_WARN_RANGE_LOOP_ANALYSIS = YES;
				CLANG_WARN_STRICT_PROTOTYPES = YES;
				CLANG_WARN_SUSPICIOUS_MOVE = YES;
				CLANG_WARN_UNGUARDED_AVAILABILITY = YES_AGGRESSIVE;
				CLANG_WARN_UNREACHABLE_CODE = YES;
				CLANG_WARN__DUPLICATE_METHOD_MATCH = YES;
				COPY_PHASE_STRIP = NO;
				DEBUG_INFORMATION_FORMAT = "dwarf-with-dsym";
				ENABLE_NS_ASSERTIONS = NO;
				ENABLE_STRICT_OBJC_MSGSEND = YES;
				GCC_C_LANGUAGE_STANDARD = gnu11;
				GCC_NO_COMMON_BLOCKS = YES;
				GCC_WARN_64_TO_32_BIT_CONVERSION = YES;
				GCC_WARN_ABOUT_RETURN_TYPE = YES_ERROR;
				GCC_WARN_UNDECLARED_SELECTOR = YES;
				GCC_WARN_UNINITIALIZED_AUTOS = YES_AGGRESSIVE;
				GCC_WARN_UNUSED_FUNCTION = YES;
				GCC_WARN_UNUSED_VARIABLE = YES;
				IPHONEOS_DEPLOYMENT_TARGET = 16.0;
				MTL_ENABLE_DEBUG_INFO = NO;
				MTL_FAST_MATH = YES;
				SDKROOT = iphoneos;
				SWIFT_COMPILATION_MODE = wholemodule;
				SWIFT_OPTIMIZATION_LEVEL = "-O";
				VALIDATE_PRODUCT = YES;
			};
			name = Release;
		};
		95B7A81229E6B48A00751B89 /* Debug */ = {
			isa = XCBuildConfiguration;
			buildSettings = {
				ASSETCATALOG_COMPILER_APPICON_NAME = AppIcon;
				ASSETCATALOG_COMPILER_GLOBAL_ACCENT_COLOR_NAME = AccentColor;
				CODE_SIGN_ENTITLEMENTS = FlashSpeak/FlashSpeak.entitlements;
				CODE_SIGN_STYLE = Automatic;
				CURRENT_PROJECT_VERSION = 1;
				DEVELOPMENT_TEAM = 7RQ87S3853;
				GENERATE_INFOPLIST_FILE = YES;
				INFOPLIST_FILE = FlashSpeak/Resources/Info.plist;
				INFOPLIST_KEY_UIApplicationSupportsIndirectInputEvents = YES;
				INFOPLIST_KEY_UILaunchStoryboardName = LaunchScreen;
				INFOPLIST_KEY_UISupportedInterfaceOrientations_iPad = "UIInterfaceOrientationPortrait UIInterfaceOrientationPortraitUpsideDown UIInterfaceOrientationLandscapeLeft UIInterfaceOrientationLandscapeRight";
				INFOPLIST_KEY_UISupportedInterfaceOrientations_iPhone = "UIInterfaceOrientationPortrait UIInterfaceOrientationLandscapeLeft UIInterfaceOrientationLandscapeRight";
				LD_RUNPATH_SEARCH_PATHS = (
					"$(inherited)",
					"@executable_path/Frameworks",
				);
				MARKETING_VERSION = 1.0;
				PRODUCT_BUNDLE_IDENTIFIER = DenisDmitriev.FlashSpeak;
				PRODUCT_NAME = "$(TARGET_NAME)";
				SWIFT_EMIT_LOC_STRINGS = YES;
				SWIFT_VERSION = 5.0;
				TARGETED_DEVICE_FAMILY = "1,2";
			};
			name = Debug;
		};
		95B7A81329E6B48A00751B89 /* Release */ = {
			isa = XCBuildConfiguration;
			buildSettings = {
				ASSETCATALOG_COMPILER_APPICON_NAME = AppIcon;
				ASSETCATALOG_COMPILER_GLOBAL_ACCENT_COLOR_NAME = AccentColor;
				CODE_SIGN_ENTITLEMENTS = FlashSpeak/FlashSpeak.entitlements;
				CODE_SIGN_STYLE = Automatic;
				CURRENT_PROJECT_VERSION = 1;
				DEVELOPMENT_TEAM = 7RQ87S3853;
				GENERATE_INFOPLIST_FILE = YES;
				INFOPLIST_FILE = FlashSpeak/Resources/Info.plist;
				INFOPLIST_KEY_UIApplicationSupportsIndirectInputEvents = YES;
				INFOPLIST_KEY_UILaunchStoryboardName = LaunchScreen;
				INFOPLIST_KEY_UISupportedInterfaceOrientations_iPad = "UIInterfaceOrientationPortrait UIInterfaceOrientationPortraitUpsideDown UIInterfaceOrientationLandscapeLeft UIInterfaceOrientationLandscapeRight";
				INFOPLIST_KEY_UISupportedInterfaceOrientations_iPhone = "UIInterfaceOrientationPortrait UIInterfaceOrientationLandscapeLeft UIInterfaceOrientationLandscapeRight";
				LD_RUNPATH_SEARCH_PATHS = (
					"$(inherited)",
					"@executable_path/Frameworks",
				);
				MARKETING_VERSION = 1.0;
				PRODUCT_BUNDLE_IDENTIFIER = DenisDmitriev.FlashSpeak;
				PRODUCT_NAME = "$(TARGET_NAME)";
				SWIFT_EMIT_LOC_STRINGS = YES;
				SWIFT_VERSION = 5.0;
				TARGETED_DEVICE_FAMILY = "1,2";
			};
			name = Release;
		};
		95B7A81529E6B48A00751B89 /* Debug */ = {
			isa = XCBuildConfiguration;
			buildSettings = {
				ALWAYS_EMBED_SWIFT_STANDARD_LIBRARIES = YES;
				BUNDLE_LOADER = "$(TEST_HOST)";
				CODE_SIGN_STYLE = Automatic;
				CURRENT_PROJECT_VERSION = 1;
				DEVELOPMENT_TEAM = TNTX3799P3;
				GENERATE_INFOPLIST_FILE = YES;
				IPHONEOS_DEPLOYMENT_TARGET = 16.4;
				MARKETING_VERSION = 1.0;
				PRODUCT_BUNDLE_IDENTIFIER = DenisDmitriev.FlashSpeakTests;
				PRODUCT_NAME = "$(TARGET_NAME)";
				SWIFT_EMIT_LOC_STRINGS = NO;
				SWIFT_VERSION = 5.0;
				TARGETED_DEVICE_FAMILY = "1,2";
				TEST_HOST = "$(BUILT_PRODUCTS_DIR)/FlashSpeak.app/$(BUNDLE_EXECUTABLE_FOLDER_PATH)/FlashSpeak";
			};
			name = Debug;
		};
		95B7A81629E6B48A00751B89 /* Release */ = {
			isa = XCBuildConfiguration;
			buildSettings = {
				ALWAYS_EMBED_SWIFT_STANDARD_LIBRARIES = YES;
				BUNDLE_LOADER = "$(TEST_HOST)";
				CODE_SIGN_STYLE = Automatic;
				CURRENT_PROJECT_VERSION = 1;
				DEVELOPMENT_TEAM = TNTX3799P3;
				GENERATE_INFOPLIST_FILE = YES;
				IPHONEOS_DEPLOYMENT_TARGET = 16.4;
				MARKETING_VERSION = 1.0;
				PRODUCT_BUNDLE_IDENTIFIER = DenisDmitriev.FlashSpeakTests;
				PRODUCT_NAME = "$(TARGET_NAME)";
				SWIFT_EMIT_LOC_STRINGS = NO;
				SWIFT_VERSION = 5.0;
				TARGETED_DEVICE_FAMILY = "1,2";
				TEST_HOST = "$(BUILT_PRODUCTS_DIR)/FlashSpeak.app/$(BUNDLE_EXECUTABLE_FOLDER_PATH)/FlashSpeak";
			};
			name = Release;
		};
		95B7A81829E6B48A00751B89 /* Debug */ = {
			isa = XCBuildConfiguration;
			buildSettings = {
				ALWAYS_EMBED_SWIFT_STANDARD_LIBRARIES = YES;
				CODE_SIGN_STYLE = Automatic;
				CURRENT_PROJECT_VERSION = 1;
				DEVELOPMENT_TEAM = TNTX3799P3;
				GENERATE_INFOPLIST_FILE = YES;
				MARKETING_VERSION = 1.0;
				PRODUCT_BUNDLE_IDENTIFIER = DenisDmitriev.FlashSpeakUITests;
				PRODUCT_NAME = "$(TARGET_NAME)";
				SWIFT_EMIT_LOC_STRINGS = NO;
				SWIFT_VERSION = 5.0;
				TARGETED_DEVICE_FAMILY = "1,2";
				TEST_TARGET_NAME = FlashSpeak;
			};
			name = Debug;
		};
		95B7A81929E6B48A00751B89 /* Release */ = {
			isa = XCBuildConfiguration;
			buildSettings = {
				ALWAYS_EMBED_SWIFT_STANDARD_LIBRARIES = YES;
				CODE_SIGN_STYLE = Automatic;
				CURRENT_PROJECT_VERSION = 1;
				DEVELOPMENT_TEAM = TNTX3799P3;
				GENERATE_INFOPLIST_FILE = YES;
				MARKETING_VERSION = 1.0;
				PRODUCT_BUNDLE_IDENTIFIER = DenisDmitriev.FlashSpeakUITests;
				PRODUCT_NAME = "$(TARGET_NAME)";
				SWIFT_EMIT_LOC_STRINGS = NO;
				SWIFT_VERSION = 5.0;
				TARGETED_DEVICE_FAMILY = "1,2";
				TEST_TARGET_NAME = FlashSpeak;
			};
			name = Release;
		};
/* End XCBuildConfiguration section */

/* Begin XCConfigurationList section */
		95B7A7DF29E6B48900751B89 /* Build configuration list for PBXProject "FlashSpeak" */ = {
			isa = XCConfigurationList;
			buildConfigurations = (
				95B7A80F29E6B48A00751B89 /* Debug */,
				95B7A81029E6B48A00751B89 /* Release */,
			);
			defaultConfigurationIsVisible = 0;
			defaultConfigurationName = Release;
		};
		95B7A81129E6B48A00751B89 /* Build configuration list for PBXNativeTarget "FlashSpeak" */ = {
			isa = XCConfigurationList;
			buildConfigurations = (
				95B7A81229E6B48A00751B89 /* Debug */,
				95B7A81329E6B48A00751B89 /* Release */,
			);
			defaultConfigurationIsVisible = 0;
			defaultConfigurationName = Release;
		};
		95B7A81429E6B48A00751B89 /* Build configuration list for PBXNativeTarget "FlashSpeakTests" */ = {
			isa = XCConfigurationList;
			buildConfigurations = (
				95B7A81529E6B48A00751B89 /* Debug */,
				95B7A81629E6B48A00751B89 /* Release */,
			);
			defaultConfigurationIsVisible = 0;
			defaultConfigurationName = Release;
		};
		95B7A81729E6B48A00751B89 /* Build configuration list for PBXNativeTarget "FlashSpeakUITests" */ = {
			isa = XCConfigurationList;
			buildConfigurations = (
				95B7A81829E6B48A00751B89 /* Debug */,
				95B7A81929E6B48A00751B89 /* Release */,
			);
			defaultConfigurationIsVisible = 0;
			defaultConfigurationName = Release;
		};
/* End XCConfigurationList section */

/* Begin XCVersionGroup section */
		95B7A7F029E6B48900751B89 /* FlashSpeak.xcdatamodeld */ = {
			isa = XCVersionGroup;
			children = (
				95B7A7F129E6B48900751B89 /* FlashSpeak.xcdatamodel */,
			);
			currentVersion = 95B7A7F129E6B48900751B89 /* FlashSpeak.xcdatamodel */;
			path = FlashSpeak.xcdatamodeld;
			sourceTree = "<group>";
			versionGroupType = wrapper.xcdatamodel;
		};
/* End XCVersionGroup section */
	};
	rootObject = 95B7A7DC29E6B48900751B89 /* Project object */;
}
